// !$*UTF8*$!
{
	archiveVersion = 1;
	classes = {
	};
	objectVersion = 51;
	objects = {

/* Begin PBXBuildFile section */
		68C35D4A79C9FE73601D562B /* Pods_MZFlexibleList.framework in Frameworks */ = {isa = PBXBuildFile; fileRef = AD086405041D928ABD4B4BBA /* Pods_MZFlexibleList.framework */; };
		B430D1A9239668AB00053B77 /* AppDelegate.swift in Sources */ = {isa = PBXBuildFile; fileRef = B430D1A8239668AB00053B77 /* AppDelegate.swift */; };
		B430D1AB239668AB00053B77 /* SceneDelegate.swift in Sources */ = {isa = PBXBuildFile; fileRef = B430D1AA239668AB00053B77 /* SceneDelegate.swift */; };
		B430D1AD239668AB00053B77 /* ViewController.swift in Sources */ = {isa = PBXBuildFile; fileRef = B430D1AC239668AB00053B77 /* ViewController.swift */; };
		B430D1B0239668AB00053B77 /* Main.storyboard in Resources */ = {isa = PBXBuildFile; fileRef = B430D1AE239668AB00053B77 /* Main.storyboard */; };
		B430D1B2239668BE00053B77 /* Assets.xcassets in Resources */ = {isa = PBXBuildFile; fileRef = B430D1B1239668BE00053B77 /* Assets.xcassets */; };
		B430D1B5239668BE00053B77 /* LaunchScreen.storyboard in Resources */ = {isa = PBXBuildFile; fileRef = B430D1B3239668BE00053B77 /* LaunchScreen.storyboard */; };
		B430D1C0239668BF00053B77 /* MZFlexibleListTests.swift in Sources */ = {isa = PBXBuildFile; fileRef = B430D1BF239668BF00053B77 /* MZFlexibleListTests.swift */; };
		B430D1CB239668BF00053B77 /* MZFlexibleListUITests.swift in Sources */ = {isa = PBXBuildFile; fileRef = B430D1CA239668BF00053B77 /* MZFlexibleListUITests.swift */; };
		B43175BA2398E2A30093D0AA /* MZMomentsVC.m in Sources */ = {isa = PBXBuildFile; fileRef = B43175B92398E2A30093D0AA /* MZMomentsVC.m */; };
		B43175BD2398E3880093D0AA /* MZNavigationView.m in Sources */ = {isa = PBXBuildFile; fileRef = B43175BC2398E3880093D0AA /* MZNavigationView.m */; };
		B43175C02398F01A0093D0AA /* MZRefreshHeader.m in Sources */ = {isa = PBXBuildFile; fileRef = B43175BF2398F01A0093D0AA /* MZRefreshHeader.m */; };
		B43175C32399090D0093D0AA /* MZListModel.m in Sources */ = {isa = PBXBuildFile; fileRef = B43175C22399090D0093D0AA /* MZListModel.m */; };
		B43B4F54239DEB9A00392555 /* DemosViewController.swift in Sources */ = {isa = PBXBuildFile; fileRef = B43B4F53239DEB9A00392555 /* DemosViewController.swift */; };
		B43B4F56239DF17500392555 /* CalendarDayCell.swift in Sources */ = {isa = PBXBuildFile; fileRef = B43B4F55239DF17500392555 /* CalendarDayCell.swift */; };
		B43B4F58239E36CE00392555 /* LoadMoreViewController.swift in Sources */ = {isa = PBXBuildFile; fileRef = B43B4F57239E36CE00392555 /* LoadMoreViewController.swift */; };
		B43B4F5A239E3BF800392555 /* LabelSectionController.swift in Sources */ = {isa = PBXBuildFile; fileRef = B43B4F59239E3BF800392555 /* LabelSectionController.swift */; };
		B43B4F5C239E3EB600392555 /* DisplaySectionController.swift in Sources */ = {isa = PBXBuildFile; fileRef = B43B4F5B239E3EB600392555 /* DisplaySectionController.swift */; };
		B43B4F5E239E434900392555 /* EmbeddedSectionController.swift in Sources */ = {isa = PBXBuildFile; fileRef = B43B4F5D239E434900392555 /* EmbeddedSectionController.swift */; };
		B43B4F60239E447300392555 /* ExpandableSectionController.swift in Sources */ = {isa = PBXBuildFile; fileRef = B43B4F5F239E447300392555 /* ExpandableSectionController.swift */; };
		B43B4F62239E465000392555 /* FeedItemSectionController.swift in Sources */ = {isa = PBXBuildFile; fileRef = B43B4F61239E465000392555 /* FeedItemSectionController.swift */; };
		B43B4F64239E4D5200392555 /* GridSectionController.swift in Sources */ = {isa = PBXBuildFile; fileRef = B43B4F63239E4D5200392555 /* GridSectionController.swift */; };
		B43B4F66239E51A800392555 /* CenterLabelCell.swift in Sources */ = {isa = PBXBuildFile; fileRef = B43B4F65239E51A800392555 /* CenterLabelCell.swift */; };
		B43B4F69239E54C200392555 /* UserFooterView.swift in Sources */ = {isa = PBXBuildFile; fileRef = B43B4F67239E54C200392555 /* UserFooterView.swift */; };
		B43B4F6A239E54C200392555 /* UserFooterView.xib in Resources */ = {isa = PBXBuildFile; fileRef = B43B4F68239E54C200392555 /* UserFooterView.xib */; };
		B43B4F6F239E564800392555 /* UserHeaderView.swift in Sources */ = {isa = PBXBuildFile; fileRef = B43B4F6D239E564800392555 /* UserHeaderView.swift */; };
		B43B4F70239E564800392555 /* UserHeaderView.xib in Resources */ = {isa = PBXBuildFile; fileRef = B43B4F6E239E564800392555 /* UserHeaderView.xib */; };
		B49EC36B2399EC1600A2538A /* listData.json in Resources */ = {isa = PBXBuildFile; fileRef = B49EC36A2399EC1600A2538A /* listData.json */; };
		B49EC36E2399EF8B00A2538A /* MZHeaderListSectionController.m in Sources */ = {isa = PBXBuildFile; fileRef = B49EC36D2399EF8B00A2538A /* MZHeaderListSectionController.m */; };
		B49EC3712399F26300A2538A /* MZHeaderCollectionViewCell.m in Sources */ = {isa = PBXBuildFile; fileRef = B49EC3702399F26300A2538A /* MZHeaderCollectionViewCell.m */; };
		B49EC374239A2E4600A2538A /* MZContentCollectionViewCell.m in Sources */ = {isa = PBXBuildFile; fileRef = B49EC373239A2E4600A2538A /* MZContentCollectionViewCell.m */; };
		B49EC377239A410600A2538A /* MZContentListSectionController.m in Sources */ = {isa = PBXBuildFile; fileRef = B49EC376239A410600A2538A /* MZContentListSectionController.m */; };
		B49EC37B239A51F100A2538A /* User.swift in Sources */ = {isa = PBXBuildFile; fileRef = B49EC37A239A51F100A2538A /* User.swift */; };
		B49EC37D239A53E200A2538A /* SelectionModel.swift in Sources */ = {isa = PBXBuildFile; fileRef = B49EC37C239A53E200A2538A /* SelectionModel.swift */; };
		B49EC37F239A551500A2538A /* Month.swift in Sources */ = {isa = PBXBuildFile; fileRef = B49EC37E239A551500A2538A /* Month.swift */; };
		B49EC381239A55B000A2538A /* FeedItem.swift in Sources */ = {isa = PBXBuildFile; fileRef = B49EC380239A55B000A2538A /* FeedItem.swift */; };
		B49EC383239A56DC00A2538A /* DayViewModel.swift in Sources */ = {isa = PBXBuildFile; fileRef = B49EC382239A56DC00A2538A /* DayViewModel.swift */; };
		B49EC385239A577300A2538A /* MonthTitleViewModel.swift in Sources */ = {isa = PBXBuildFile; fileRef = B49EC384239A577300A2538A /* MonthTitleViewModel.swift */; };
		B49EC388239A584D00A2538A /* DemoSectionController.swift in Sources */ = {isa = PBXBuildFile; fileRef = B49EC387239A584D00A2538A /* DemoSectionController.swift */; };
		B49EC38B239A5C7400A2538A /* LabelCell.swift in Sources */ = {isa = PBXBuildFile; fileRef = B49EC38A239A5C7400A2538A /* LabelCell.swift */; };
		B4B5FFA0239F2F5200D7659A /* AnnouncingDepsViewController.swift in Sources */ = {isa = PBXBuildFile; fileRef = B4B5FF9F239F2F5200D7659A /* AnnouncingDepsViewController.swift */; };
		B4B5FFA2239F329C00D7659A /* CalendarViewController.swift in Sources */ = {isa = PBXBuildFile; fileRef = B4B5FFA1239F329C00D7659A /* CalendarViewController.swift */; };
		B4B5FFA4239F34B500D7659A /* DiffTableViewController.swift in Sources */ = {isa = PBXBuildFile; fileRef = B4B5FFA3239F34B500D7659A /* DiffTableViewController.swift */; };
		B4B5FFA6239F404600D7659A /* DisplayViewController.swift in Sources */ = {isa = PBXBuildFile; fileRef = B4B5FFA5239F404600D7659A /* DisplayViewController.swift */; };
		B4B5FFA8239F411D00D7659A /* EmptyViewController.swift in Sources */ = {isa = PBXBuildFile; fileRef = B4B5FFA7239F411D00D7659A /* EmptyViewController.swift */; };
		B4B5FFAA239F446800D7659A /* MixedDataViewController.swift in Sources */ = {isa = PBXBuildFile; fileRef = B4B5FFA9239F446800D7659A /* MixedDataViewController.swift */; };
		B4B5FFAC239F4B5800D7659A /* NestedAdapterViewController.swift in Sources */ = {isa = PBXBuildFile; fileRef = B4B5FFAB239F4B5800D7659A /* NestedAdapterViewController.swift */; };
		B4B5FFAF239F4D2500D7659A /* ObjcDemoViewController.m in Sources */ = {isa = PBXBuildFile; fileRef = B4B5FFAE239F4D2500D7659A /* ObjcDemoViewController.m */; };
		B4B5FFB2239F4E4300D7659A /* ObjcGeneratedModelDemoViewController.m in Sources */ = {isa = PBXBuildFile; fileRef = B4B5FFB1239F4E4300D7659A /* ObjcGeneratedModelDemoViewController.m */; };
		B4B5FFB4239F4F6D00D7659A /* ReorderableViewController.swift in Sources */ = {isa = PBXBuildFile; fileRef = B4B5FFB3239F4F6D00D7659A /* ReorderableViewController.swift */; };
		B4B5FFB6239F6A9300D7659A /* SearchViewController.swift in Sources */ = {isa = PBXBuildFile; fileRef = B4B5FFB5239F6A9300D7659A /* SearchViewController.swift */; };
		B4B5FFB8239F6C6700D7659A /* SelfSizingCellsViewController.swift in Sources */ = {isa = PBXBuildFile; fileRef = B4B5FFB7239F6C6700D7659A /* SelfSizingCellsViewController.swift */; };
		B4B5FFBA239F6D7600D7659A /* SingleSectionStoryboardViewController.swift in Sources */ = {isa = PBXBuildFile; fileRef = B4B5FFB9239F6D7600D7659A /* SingleSectionStoryboardViewController.swift */; };
		B4B5FFBC239F6FD200D7659A /* SingleSectionViewController.swift in Sources */ = {isa = PBXBuildFile; fileRef = B4B5FFBB239F6FD200D7659A /* SingleSectionViewController.swift */; };
		B4B5FFBE239F71F300D7659A /* StoryboardViewController.swift in Sources */ = {isa = PBXBuildFile; fileRef = B4B5FFBD239F71F300D7659A /* StoryboardViewController.swift */; };
		B4B5FFC0239F74A000D7659A /* SupplementaryViewController.swift in Sources */ = {isa = PBXBuildFile; fileRef = B4B5FFBF239F74A000D7659A /* SupplementaryViewController.swift */; };
		B4B5FFC2239F756800D7659A /* WorkingRangeViewController.swift in Sources */ = {isa = PBXBuildFile; fileRef = B4B5FFC1239F756800D7659A /* WorkingRangeViewController.swift */; };
		B4B5FFC5239F98C400D7659A /* PersonModel.m in Sources */ = {isa = PBXBuildFile; fileRef = B4B5FFC4239F98C400D7659A /* PersonModel.m */; };
		B4B5FFC7239F9A7400D7659A /* PersonModel.value in Resources */ = {isa = PBXBuildFile; fileRef = B4B5FFC6239F9A7400D7659A /* PersonModel.value */; };
		B4B5FFCA239F9ADF00D7659A /* Post.m in Sources */ = {isa = PBXBuildFile; fileRef = B4B5FFC9239F9ADF00D7659A /* Post.m */; };
		B4B5FFCD239F9BC300D7659A /* Demo.storyboard in Resources */ = {isa = PBXBuildFile; fileRef = B4B5FFCC239F9BC300D7659A /* Demo.storyboard */; };
		B4B5FFD0239F9C6700D7659A /* IncrementAnnouncer.swift in Sources */ = {isa = PBXBuildFile; fileRef = B4B5FFCF239F9C6700D7659A /* IncrementAnnouncer.swift */; };
		B4B5FFD2239F9DC600D7659A /* HorizontalSectionController.swift in Sources */ = {isa = PBXBuildFile; fileRef = B4B5FFD1239F9DC600D7659A /* HorizontalSectionController.swift */; };
		B4B5FFD4239F9F7400D7659A /* ListeningSectionController.swift in Sources */ = {isa = PBXBuildFile; fileRef = B4B5FFD3239F9F7400D7659A /* ListeningSectionController.swift */; };
		B4B5FFD6239FA13E00D7659A /* MonthSectionController.swift in Sources */ = {isa = PBXBuildFile; fileRef = B4B5FFD5239FA13E00D7659A /* MonthSectionController.swift */; };
		B4B5FFD9239FA2B900D7659A /* PersonSectionController.m in Sources */ = {isa = PBXBuildFile; fileRef = B4B5FFD8239FA2B900D7659A /* PersonSectionController.m */; };
		B4B5FFDC239FA37E00D7659A /* PostSectionController.m in Sources */ = {isa = PBXBuildFile; fileRef = B4B5FFDB239FA37E00D7659A /* PostSectionController.m */; };
		B4B5FFDE239FA40500D7659A /* RemoveSectionController.swift in Sources */ = {isa = PBXBuildFile; fileRef = B4B5FFDD239FA40500D7659A /* RemoveSectionController.swift */; };
		B4C0CED623A086C0006BAAB0 /* ReorderableSectionController.swift in Sources */ = {isa = PBXBuildFile; fileRef = B4C0CED523A086C0006BAAB0 /* ReorderableSectionController.swift */; };
		B4C0CED823A08706006BAAB0 /* SearchSectionController.swift in Sources */ = {isa = PBXBuildFile; fileRef = B4C0CED723A08706006BAAB0 /* SearchSectionController.swift */; };
		B4C0CEDA23A08902006BAAB0 /* SelfSizingSectionController.swift in Sources */ = {isa = PBXBuildFile; fileRef = B4C0CED923A08902006BAAB0 /* SelfSizingSectionController.swift */; };
		B4C0CEDC23A08A78006BAAB0 /* StoryboardLabelSectionController.swift in Sources */ = {isa = PBXBuildFile; fileRef = B4C0CEDB23A08A78006BAAB0 /* StoryboardLabelSectionController.swift */; };
		B4C0CEDE23A08B06006BAAB0 /* UserSectionController.swift in Sources */ = {isa = PBXBuildFile; fileRef = B4C0CEDD23A08B06006BAAB0 /* UserSectionController.swift */; };
		B4C0CEE023A08B72006BAAB0 /* WorkingRangeSectionController.swift in Sources */ = {isa = PBXBuildFile; fileRef = B4C0CEDF23A08B72006BAAB0 /* WorkingRangeSectionController.swift */; };
		B4C0CEE323A08E26006BAAB0 /* CommentCell.m in Sources */ = {isa = PBXBuildFile; fileRef = B4C0CEE223A08E26006BAAB0 /* CommentCell.m */; };
		B4C0CEE623A08F01006BAAB0 /* InteractiveCell.m in Sources */ = {isa = PBXBuildFile; fileRef = B4C0CEE523A08F01006BAAB0 /* InteractiveCell.m */; };
		B4C0CEE923A09048006BAAB0 /* PersonCell.m in Sources */ = {isa = PBXBuildFile; fileRef = B4C0CEE823A09048006BAAB0 /* PersonCell.m */; };
		B4C0CEEC23A09472006BAAB0 /* PhotoCell.m in Sources */ = {isa = PBXBuildFile; fileRef = B4C0CEEB23A09472006BAAB0 /* PhotoCell.m */; };
		B4C0CEEF23A094DD006BAAB0 /* UserInfoCell.m in Sources */ = {isa = PBXBuildFile; fileRef = B4C0CEEE23A094DD006BAAB0 /* UserInfoCell.m */; };
		B4C0CEF123A09560006BAAB0 /* DetailLabelCell.swift in Sources */ = {isa = PBXBuildFile; fileRef = B4C0CEF023A09560006BAAB0 /* DetailLabelCell.swift */; };
		B4C0CEF323A09618006BAAB0 /* EmbeddedCollectionViewCell.swift in Sources */ = {isa = PBXBuildFile; fileRef = B4C0CEF223A09618006BAAB0 /* EmbeddedCollectionViewCell.swift */; };
		B4C0CEF523A09688006BAAB0 /* FullWidthSelfSizingCell.swift in Sources */ = {isa = PBXBuildFile; fileRef = B4C0CEF423A09688006BAAB0 /* FullWidthSelfSizingCell.swift */; };
		B4C0CEF723A0975A006BAAB0 /* ImageCell.swift in Sources */ = {isa = PBXBuildFile; fileRef = B4C0CEF623A0975A006BAAB0 /* ImageCell.swift */; };
		B4C0CEF923A098AE006BAAB0 /* ManuallySelfSizingCell.swift in Sources */ = {isa = PBXBuildFile; fileRef = B4C0CEF823A098AE006BAAB0 /* ManuallySelfSizingCell.swift */; };
		B4C0CEFB23A09923006BAAB0 /* MonthTitleCell.swift in Sources */ = {isa = PBXBuildFile; fileRef = B4C0CEFA23A09923006BAAB0 /* MonthTitleCell.swift */; };
		B4C0CEFE23A099C2006BAAB0 /* NibCell.swift in Sources */ = {isa = PBXBuildFile; fileRef = B4C0CEFC23A099C2006BAAB0 /* NibCell.swift */; };
		B4C0CEFF23A099C2006BAAB0 /* NibCell.xib in Resources */ = {isa = PBXBuildFile; fileRef = B4C0CEFD23A099C2006BAAB0 /* NibCell.xib */; };
		B4C0CF0223A09A37006BAAB0 /* NibSelfSizingCell.swift in Sources */ = {isa = PBXBuildFile; fileRef = B4C0CF0023A09A37006BAAB0 /* NibSelfSizingCell.swift */; };
		B4C0CF0323A09A37006BAAB0 /* NibSelfSizingCell.xib in Resources */ = {isa = PBXBuildFile; fileRef = B4C0CF0123A09A37006BAAB0 /* NibSelfSizingCell.xib */; };
		B4C0CF0523A09ABF006BAAB0 /* RemoveCell.swift in Sources */ = {isa = PBXBuildFile; fileRef = B4C0CF0423A09ABF006BAAB0 /* RemoveCell.swift */; };
		B4C0CF0723A09B87006BAAB0 /* SearchCell.swift in Sources */ = {isa = PBXBuildFile; fileRef = B4C0CF0623A09B87006BAAB0 /* SearchCell.swift */; };
		B4C0CF0923A09BD9006BAAB0 /* SpinnerCell.swift in Sources */ = {isa = PBXBuildFile; fileRef = B4C0CF0823A09BD9006BAAB0 /* SpinnerCell.swift */; };
		B4C0CF0B23A09CF2006BAAB0 /* StoryboardCell.swift in Sources */ = {isa = PBXBuildFile; fileRef = B4C0CF0A23A09CF2006BAAB0 /* StoryboardCell.swift */; };
/* End PBXBuildFile section */

/* Begin PBXContainerItemProxy section */
		B430D1BC239668BF00053B77 /* PBXContainerItemProxy */ = {
			isa = PBXContainerItemProxy;
			containerPortal = B430D19D239668AB00053B77 /* Project object */;
			proxyType = 1;
			remoteGlobalIDString = B430D1A4239668AB00053B77;
			remoteInfo = MZFlexibleList;
		};
		B430D1C7239668BF00053B77 /* PBXContainerItemProxy */ = {
			isa = PBXContainerItemProxy;
			containerPortal = B430D19D239668AB00053B77 /* Project object */;
			proxyType = 1;
			remoteGlobalIDString = B430D1A4239668AB00053B77;
			remoteInfo = MZFlexibleList;
		};
/* End PBXContainerItemProxy section */

/* Begin PBXFileReference section */
		AD086405041D928ABD4B4BBA /* Pods_MZFlexibleList.framework */ = {isa = PBXFileReference; explicitFileType = wrapper.framework; includeInIndex = 0; path = Pods_MZFlexibleList.framework; sourceTree = BUILT_PRODUCTS_DIR; };
		B430D1A5239668AB00053B77 /* MZFlexibleList.app */ = {isa = PBXFileReference; explicitFileType = wrapper.application; includeInIndex = 0; path = MZFlexibleList.app; sourceTree = BUILT_PRODUCTS_DIR; };
		B430D1A8239668AB00053B77 /* AppDelegate.swift */ = {isa = PBXFileReference; lastKnownFileType = sourcecode.swift; path = AppDelegate.swift; sourceTree = "<group>"; };
		B430D1AA239668AB00053B77 /* SceneDelegate.swift */ = {isa = PBXFileReference; lastKnownFileType = sourcecode.swift; path = SceneDelegate.swift; sourceTree = "<group>"; };
		B430D1AC239668AB00053B77 /* ViewController.swift */ = {isa = PBXFileReference; lastKnownFileType = sourcecode.swift; path = ViewController.swift; sourceTree = "<group>"; };
		B430D1AF239668AB00053B77 /* Base */ = {isa = PBXFileReference; lastKnownFileType = file.storyboard; name = Base; path = Base.lproj/Main.storyboard; sourceTree = "<group>"; };
		B430D1B1239668BE00053B77 /* Assets.xcassets */ = {isa = PBXFileReference; lastKnownFileType = folder.assetcatalog; path = Assets.xcassets; sourceTree = "<group>"; };
		B430D1B4239668BE00053B77 /* Base */ = {isa = PBXFileReference; lastKnownFileType = file.storyboard; name = Base; path = Base.lproj/LaunchScreen.storyboard; sourceTree = "<group>"; };
		B430D1B6239668BE00053B77 /* Info.plist */ = {isa = PBXFileReference; lastKnownFileType = text.plist.xml; path = Info.plist; sourceTree = "<group>"; };
		B430D1BB239668BF00053B77 /* MZFlexibleListTests.xctest */ = {isa = PBXFileReference; explicitFileType = wrapper.cfbundle; includeInIndex = 0; path = MZFlexibleListTests.xctest; sourceTree = BUILT_PRODUCTS_DIR; };
		B430D1BF239668BF00053B77 /* MZFlexibleListTests.swift */ = {isa = PBXFileReference; lastKnownFileType = sourcecode.swift; path = MZFlexibleListTests.swift; sourceTree = "<group>"; };
		B430D1C1239668BF00053B77 /* Info.plist */ = {isa = PBXFileReference; lastKnownFileType = text.plist.xml; path = Info.plist; sourceTree = "<group>"; };
		B430D1C6239668BF00053B77 /* MZFlexibleListUITests.xctest */ = {isa = PBXFileReference; explicitFileType = wrapper.cfbundle; includeInIndex = 0; path = MZFlexibleListUITests.xctest; sourceTree = BUILT_PRODUCTS_DIR; };
		B430D1CA239668BF00053B77 /* MZFlexibleListUITests.swift */ = {isa = PBXFileReference; lastKnownFileType = sourcecode.swift; path = MZFlexibleListUITests.swift; sourceTree = "<group>"; };
		B430D1CC239668BF00053B77 /* Info.plist */ = {isa = PBXFileReference; lastKnownFileType = text.plist.xml; path = Info.plist; sourceTree = "<group>"; };
		B43175B72398E2A30093D0AA /* MZFlexibleList-Bridging-Header.h */ = {isa = PBXFileReference; lastKnownFileType = sourcecode.c.h; path = "MZFlexibleList-Bridging-Header.h"; sourceTree = "<group>"; };
		B43175B82398E2A30093D0AA /* MZMomentsVC.h */ = {isa = PBXFileReference; lastKnownFileType = sourcecode.c.h; path = MZMomentsVC.h; sourceTree = "<group>"; };
		B43175B92398E2A30093D0AA /* MZMomentsVC.m */ = {isa = PBXFileReference; lastKnownFileType = sourcecode.c.objc; path = MZMomentsVC.m; sourceTree = "<group>"; };
		B43175BB2398E3880093D0AA /* MZNavigationView.h */ = {isa = PBXFileReference; lastKnownFileType = sourcecode.c.h; path = MZNavigationView.h; sourceTree = "<group>"; };
		B43175BC2398E3880093D0AA /* MZNavigationView.m */ = {isa = PBXFileReference; lastKnownFileType = sourcecode.c.objc; path = MZNavigationView.m; sourceTree = "<group>"; };
		B43175BE2398F01A0093D0AA /* MZRefreshHeader.h */ = {isa = PBXFileReference; lastKnownFileType = sourcecode.c.h; path = MZRefreshHeader.h; sourceTree = "<group>"; };
		B43175BF2398F01A0093D0AA /* MZRefreshHeader.m */ = {isa = PBXFileReference; lastKnownFileType = sourcecode.c.objc; path = MZRefreshHeader.m; sourceTree = "<group>"; };
		B43175C12399090D0093D0AA /* MZListModel.h */ = {isa = PBXFileReference; lastKnownFileType = sourcecode.c.h; path = MZListModel.h; sourceTree = "<group>"; };
		B43175C22399090D0093D0AA /* MZListModel.m */ = {isa = PBXFileReference; lastKnownFileType = sourcecode.c.objc; path = MZListModel.m; sourceTree = "<group>"; };
		B43B4F53239DEB9A00392555 /* DemosViewController.swift */ = {isa = PBXFileReference; lastKnownFileType = sourcecode.swift; path = DemosViewController.swift; sourceTree = "<group>"; };
		B43B4F55239DF17500392555 /* CalendarDayCell.swift */ = {isa = PBXFileReference; lastKnownFileType = sourcecode.swift; path = CalendarDayCell.swift; sourceTree = "<group>"; };
		B43B4F57239E36CE00392555 /* LoadMoreViewController.swift */ = {isa = PBXFileReference; lastKnownFileType = sourcecode.swift; path = LoadMoreViewController.swift; sourceTree = "<group>"; };
		B43B4F59239E3BF800392555 /* LabelSectionController.swift */ = {isa = PBXFileReference; lastKnownFileType = sourcecode.swift; path = LabelSectionController.swift; sourceTree = "<group>"; };
		B43B4F5B239E3EB600392555 /* DisplaySectionController.swift */ = {isa = PBXFileReference; lastKnownFileType = sourcecode.swift; path = DisplaySectionController.swift; sourceTree = "<group>"; };
		B43B4F5D239E434900392555 /* EmbeddedSectionController.swift */ = {isa = PBXFileReference; lastKnownFileType = sourcecode.swift; path = EmbeddedSectionController.swift; sourceTree = "<group>"; };
		B43B4F5F239E447300392555 /* ExpandableSectionController.swift */ = {isa = PBXFileReference; lastKnownFileType = sourcecode.swift; path = ExpandableSectionController.swift; sourceTree = "<group>"; };
		B43B4F61239E465000392555 /* FeedItemSectionController.swift */ = {isa = PBXFileReference; lastKnownFileType = sourcecode.swift; path = FeedItemSectionController.swift; sourceTree = "<group>"; };
		B43B4F63239E4D5200392555 /* GridSectionController.swift */ = {isa = PBXFileReference; lastKnownFileType = sourcecode.swift; path = GridSectionController.swift; sourceTree = "<group>"; };
		B43B4F65239E51A800392555 /* CenterLabelCell.swift */ = {isa = PBXFileReference; lastKnownFileType = sourcecode.swift; path = CenterLabelCell.swift; sourceTree = "<group>"; };
		B43B4F67239E54C200392555 /* UserFooterView.swift */ = {isa = PBXFileReference; lastKnownFileType = sourcecode.swift; path = UserFooterView.swift; sourceTree = "<group>"; };
		B43B4F68239E54C200392555 /* UserFooterView.xib */ = {isa = PBXFileReference; lastKnownFileType = file.xib; path = UserFooterView.xib; sourceTree = "<group>"; };
		B43B4F6D239E564800392555 /* UserHeaderView.swift */ = {isa = PBXFileReference; lastKnownFileType = sourcecode.swift; path = UserHeaderView.swift; sourceTree = "<group>"; };
		B43B4F6E239E564800392555 /* UserHeaderView.xib */ = {isa = PBXFileReference; lastKnownFileType = file.xib; path = UserHeaderView.xib; sourceTree = "<group>"; };
		B49EC36A2399EC1600A2538A /* listData.json */ = {isa = PBXFileReference; fileEncoding = 4; lastKnownFileType = text.json; path = listData.json; sourceTree = "<group>"; };
		B49EC36C2399EF8B00A2538A /* MZHeaderListSectionController.h */ = {isa = PBXFileReference; lastKnownFileType = sourcecode.c.h; path = MZHeaderListSectionController.h; sourceTree = "<group>"; };
		B49EC36D2399EF8B00A2538A /* MZHeaderListSectionController.m */ = {isa = PBXFileReference; lastKnownFileType = sourcecode.c.objc; path = MZHeaderListSectionController.m; sourceTree = "<group>"; };
		B49EC36F2399F26300A2538A /* MZHeaderCollectionViewCell.h */ = {isa = PBXFileReference; lastKnownFileType = sourcecode.c.h; path = MZHeaderCollectionViewCell.h; sourceTree = "<group>"; };
		B49EC3702399F26300A2538A /* MZHeaderCollectionViewCell.m */ = {isa = PBXFileReference; lastKnownFileType = sourcecode.c.objc; path = MZHeaderCollectionViewCell.m; sourceTree = "<group>"; };
		B49EC372239A2E4600A2538A /* MZContentCollectionViewCell.h */ = {isa = PBXFileReference; lastKnownFileType = sourcecode.c.h; path = MZContentCollectionViewCell.h; sourceTree = "<group>"; };
		B49EC373239A2E4600A2538A /* MZContentCollectionViewCell.m */ = {isa = PBXFileReference; lastKnownFileType = sourcecode.c.objc; path = MZContentCollectionViewCell.m; sourceTree = "<group>"; };
		B49EC375239A410600A2538A /* MZContentListSectionController.h */ = {isa = PBXFileReference; lastKnownFileType = sourcecode.c.h; path = MZContentListSectionController.h; sourceTree = "<group>"; };
		B49EC376239A410600A2538A /* MZContentListSectionController.m */ = {isa = PBXFileReference; lastKnownFileType = sourcecode.c.objc; path = MZContentListSectionController.m; sourceTree = "<group>"; };
		B49EC37A239A51F100A2538A /* User.swift */ = {isa = PBXFileReference; lastKnownFileType = sourcecode.swift; path = User.swift; sourceTree = "<group>"; };
		B49EC37C239A53E200A2538A /* SelectionModel.swift */ = {isa = PBXFileReference; lastKnownFileType = sourcecode.swift; path = SelectionModel.swift; sourceTree = "<group>"; };
		B49EC37E239A551500A2538A /* Month.swift */ = {isa = PBXFileReference; lastKnownFileType = sourcecode.swift; path = Month.swift; sourceTree = "<group>"; };
		B49EC380239A55B000A2538A /* FeedItem.swift */ = {isa = PBXFileReference; lastKnownFileType = sourcecode.swift; path = FeedItem.swift; sourceTree = "<group>"; };
		B49EC382239A56DC00A2538A /* DayViewModel.swift */ = {isa = PBXFileReference; lastKnownFileType = sourcecode.swift; path = DayViewModel.swift; sourceTree = "<group>"; };
		B49EC384239A577300A2538A /* MonthTitleViewModel.swift */ = {isa = PBXFileReference; lastKnownFileType = sourcecode.swift; path = MonthTitleViewModel.swift; sourceTree = "<group>"; };
		B49EC387239A584D00A2538A /* DemoSectionController.swift */ = {isa = PBXFileReference; lastKnownFileType = sourcecode.swift; path = DemoSectionController.swift; sourceTree = "<group>"; };
		B49EC38A239A5C7400A2538A /* LabelCell.swift */ = {isa = PBXFileReference; lastKnownFileType = sourcecode.swift; path = LabelCell.swift; sourceTree = "<group>"; };
		B4B5FF9F239F2F5200D7659A /* AnnouncingDepsViewController.swift */ = {isa = PBXFileReference; lastKnownFileType = sourcecode.swift; path = AnnouncingDepsViewController.swift; sourceTree = "<group>"; };
		B4B5FFA1239F329C00D7659A /* CalendarViewController.swift */ = {isa = PBXFileReference; lastKnownFileType = sourcecode.swift; path = CalendarViewController.swift; sourceTree = "<group>"; };
		B4B5FFA3239F34B500D7659A /* DiffTableViewController.swift */ = {isa = PBXFileReference; lastKnownFileType = sourcecode.swift; path = DiffTableViewController.swift; sourceTree = "<group>"; };
		B4B5FFA5239F404600D7659A /* DisplayViewController.swift */ = {isa = PBXFileReference; lastKnownFileType = sourcecode.swift; path = DisplayViewController.swift; sourceTree = "<group>"; };
		B4B5FFA7239F411D00D7659A /* EmptyViewController.swift */ = {isa = PBXFileReference; lastKnownFileType = sourcecode.swift; path = EmptyViewController.swift; sourceTree = "<group>"; };
		B4B5FFA9239F446800D7659A /* MixedDataViewController.swift */ = {isa = PBXFileReference; lastKnownFileType = sourcecode.swift; path = MixedDataViewController.swift; sourceTree = "<group>"; };
		B4B5FFAB239F4B5800D7659A /* NestedAdapterViewController.swift */ = {isa = PBXFileReference; lastKnownFileType = sourcecode.swift; path = NestedAdapterViewController.swift; sourceTree = "<group>"; };
		B4B5FFAD239F4D2500D7659A /* ObjcDemoViewController.h */ = {isa = PBXFileReference; lastKnownFileType = sourcecode.c.h; path = ObjcDemoViewController.h; sourceTree = "<group>"; };
		B4B5FFAE239F4D2500D7659A /* ObjcDemoViewController.m */ = {isa = PBXFileReference; lastKnownFileType = sourcecode.c.objc; path = ObjcDemoViewController.m; sourceTree = "<group>"; };
		B4B5FFB0239F4E4300D7659A /* ObjcGeneratedModelDemoViewController.h */ = {isa = PBXFileReference; lastKnownFileType = sourcecode.c.h; path = ObjcGeneratedModelDemoViewController.h; sourceTree = "<group>"; };
		B4B5FFB1239F4E4300D7659A /* ObjcGeneratedModelDemoViewController.m */ = {isa = PBXFileReference; lastKnownFileType = sourcecode.c.objc; path = ObjcGeneratedModelDemoViewController.m; sourceTree = "<group>"; };
		B4B5FFB3239F4F6D00D7659A /* ReorderableViewController.swift */ = {isa = PBXFileReference; lastKnownFileType = sourcecode.swift; path = ReorderableViewController.swift; sourceTree = "<group>"; };
		B4B5FFB5239F6A9300D7659A /* SearchViewController.swift */ = {isa = PBXFileReference; lastKnownFileType = sourcecode.swift; path = SearchViewController.swift; sourceTree = "<group>"; };
		B4B5FFB7239F6C6700D7659A /* SelfSizingCellsViewController.swift */ = {isa = PBXFileReference; lastKnownFileType = sourcecode.swift; path = SelfSizingCellsViewController.swift; sourceTree = "<group>"; };
		B4B5FFB9239F6D7600D7659A /* SingleSectionStoryboardViewController.swift */ = {isa = PBXFileReference; lastKnownFileType = sourcecode.swift; path = SingleSectionStoryboardViewController.swift; sourceTree = "<group>"; };
		B4B5FFBB239F6FD200D7659A /* SingleSectionViewController.swift */ = {isa = PBXFileReference; lastKnownFileType = sourcecode.swift; path = SingleSectionViewController.swift; sourceTree = "<group>"; };
		B4B5FFBD239F71F300D7659A /* StoryboardViewController.swift */ = {isa = PBXFileReference; lastKnownFileType = sourcecode.swift; path = StoryboardViewController.swift; sourceTree = "<group>"; };
		B4B5FFBF239F74A000D7659A /* SupplementaryViewController.swift */ = {isa = PBXFileReference; lastKnownFileType = sourcecode.swift; path = SupplementaryViewController.swift; sourceTree = "<group>"; };
		B4B5FFC1239F756800D7659A /* WorkingRangeViewController.swift */ = {isa = PBXFileReference; lastKnownFileType = sourcecode.swift; path = WorkingRangeViewController.swift; sourceTree = "<group>"; };
		B4B5FFC3239F98C400D7659A /* PersonModel.h */ = {isa = PBXFileReference; lastKnownFileType = sourcecode.c.h; path = PersonModel.h; sourceTree = "<group>"; };
		B4B5FFC4239F98C400D7659A /* PersonModel.m */ = {isa = PBXFileReference; lastKnownFileType = sourcecode.c.objc; path = PersonModel.m; sourceTree = "<group>"; };
		B4B5FFC6239F9A7400D7659A /* PersonModel.value */ = {isa = PBXFileReference; lastKnownFileType = text; path = PersonModel.value; sourceTree = "<group>"; };
		B4B5FFC8239F9ADF00D7659A /* Post.h */ = {isa = PBXFileReference; lastKnownFileType = sourcecode.c.h; path = Post.h; sourceTree = "<group>"; };
		B4B5FFC9239F9ADF00D7659A /* Post.m */ = {isa = PBXFileReference; lastKnownFileType = sourcecode.c.objc; path = Post.m; sourceTree = "<group>"; };
		B4B5FFCC239F9BC300D7659A /* Demo.storyboard */ = {isa = PBXFileReference; lastKnownFileType = file.storyboard; path = Demo.storyboard; sourceTree = "<group>"; };
		B4B5FFCF239F9C6700D7659A /* IncrementAnnouncer.swift */ = {isa = PBXFileReference; lastKnownFileType = sourcecode.swift; path = IncrementAnnouncer.swift; sourceTree = "<group>"; };
		B4B5FFD1239F9DC600D7659A /* HorizontalSectionController.swift */ = {isa = PBXFileReference; lastKnownFileType = sourcecode.swift; path = HorizontalSectionController.swift; sourceTree = "<group>"; };
		B4B5FFD3239F9F7400D7659A /* ListeningSectionController.swift */ = {isa = PBXFileReference; lastKnownFileType = sourcecode.swift; path = ListeningSectionController.swift; sourceTree = "<group>"; };
		B4B5FFD5239FA13E00D7659A /* MonthSectionController.swift */ = {isa = PBXFileReference; lastKnownFileType = sourcecode.swift; path = MonthSectionController.swift; sourceTree = "<group>"; };
		B4B5FFD7239FA2B900D7659A /* PersonSectionController.h */ = {isa = PBXFileReference; lastKnownFileType = sourcecode.c.h; path = PersonSectionController.h; sourceTree = "<group>"; };
		B4B5FFD8239FA2B900D7659A /* PersonSectionController.m */ = {isa = PBXFileReference; lastKnownFileType = sourcecode.c.objc; path = PersonSectionController.m; sourceTree = "<group>"; };
		B4B5FFDA239FA37E00D7659A /* PostSectionController.h */ = {isa = PBXFileReference; lastKnownFileType = sourcecode.c.h; path = PostSectionController.h; sourceTree = "<group>"; };
		B4B5FFDB239FA37E00D7659A /* PostSectionController.m */ = {isa = PBXFileReference; lastKnownFileType = sourcecode.c.objc; path = PostSectionController.m; sourceTree = "<group>"; };
		B4B5FFDD239FA40500D7659A /* RemoveSectionController.swift */ = {isa = PBXFileReference; lastKnownFileType = sourcecode.swift; path = RemoveSectionController.swift; sourceTree = "<group>"; };
		B4C0CED523A086C0006BAAB0 /* ReorderableSectionController.swift */ = {isa = PBXFileReference; lastKnownFileType = sourcecode.swift; path = ReorderableSectionController.swift; sourceTree = "<group>"; };
		B4C0CED723A08706006BAAB0 /* SearchSectionController.swift */ = {isa = PBXFileReference; lastKnownFileType = sourcecode.swift; path = SearchSectionController.swift; sourceTree = "<group>"; };
		B4C0CED923A08902006BAAB0 /* SelfSizingSectionController.swift */ = {isa = PBXFileReference; lastKnownFileType = sourcecode.swift; path = SelfSizingSectionController.swift; sourceTree = "<group>"; };
		B4C0CEDB23A08A78006BAAB0 /* StoryboardLabelSectionController.swift */ = {isa = PBXFileReference; lastKnownFileType = sourcecode.swift; path = StoryboardLabelSectionController.swift; sourceTree = "<group>"; };
		B4C0CEDD23A08B06006BAAB0 /* UserSectionController.swift */ = {isa = PBXFileReference; lastKnownFileType = sourcecode.swift; path = UserSectionController.swift; sourceTree = "<group>"; };
		B4C0CEDF23A08B72006BAAB0 /* WorkingRangeSectionController.swift */ = {isa = PBXFileReference; lastKnownFileType = sourcecode.swift; path = WorkingRangeSectionController.swift; sourceTree = "<group>"; };
		B4C0CEE123A08E26006BAAB0 /* CommentCell.h */ = {isa = PBXFileReference; lastKnownFileType = sourcecode.c.h; path = CommentCell.h; sourceTree = "<group>"; };
		B4C0CEE223A08E26006BAAB0 /* CommentCell.m */ = {isa = PBXFileReference; lastKnownFileType = sourcecode.c.objc; path = CommentCell.m; sourceTree = "<group>"; };
		B4C0CEE423A08F01006BAAB0 /* InteractiveCell.h */ = {isa = PBXFileReference; lastKnownFileType = sourcecode.c.h; path = InteractiveCell.h; sourceTree = "<group>"; };
		B4C0CEE523A08F01006BAAB0 /* InteractiveCell.m */ = {isa = PBXFileReference; lastKnownFileType = sourcecode.c.objc; path = InteractiveCell.m; sourceTree = "<group>"; };
		B4C0CEE723A09048006BAAB0 /* PersonCell.h */ = {isa = PBXFileReference; lastKnownFileType = sourcecode.c.h; path = PersonCell.h; sourceTree = "<group>"; };
		B4C0CEE823A09048006BAAB0 /* PersonCell.m */ = {isa = PBXFileReference; lastKnownFileType = sourcecode.c.objc; path = PersonCell.m; sourceTree = "<group>"; };
		B4C0CEEA23A09472006BAAB0 /* PhotoCell.h */ = {isa = PBXFileReference; lastKnownFileType = sourcecode.c.h; path = PhotoCell.h; sourceTree = "<group>"; };
		B4C0CEEB23A09472006BAAB0 /* PhotoCell.m */ = {isa = PBXFileReference; lastKnownFileType = sourcecode.c.objc; path = PhotoCell.m; sourceTree = "<group>"; };
		B4C0CEED23A094DD006BAAB0 /* UserInfoCell.h */ = {isa = PBXFileReference; lastKnownFileType = sourcecode.c.h; path = UserInfoCell.h; sourceTree = "<group>"; };
		B4C0CEEE23A094DD006BAAB0 /* UserInfoCell.m */ = {isa = PBXFileReference; lastKnownFileType = sourcecode.c.objc; path = UserInfoCell.m; sourceTree = "<group>"; };
		B4C0CEF023A09560006BAAB0 /* DetailLabelCell.swift */ = {isa = PBXFileReference; lastKnownFileType = sourcecode.swift; path = DetailLabelCell.swift; sourceTree = "<group>"; };
		B4C0CEF223A09618006BAAB0 /* EmbeddedCollectionViewCell.swift */ = {isa = PBXFileReference; lastKnownFileType = sourcecode.swift; path = EmbeddedCollectionViewCell.swift; sourceTree = "<group>"; };
		B4C0CEF423A09688006BAAB0 /* FullWidthSelfSizingCell.swift */ = {isa = PBXFileReference; lastKnownFileType = sourcecode.swift; path = FullWidthSelfSizingCell.swift; sourceTree = "<group>"; };
		B4C0CEF623A0975A006BAAB0 /* ImageCell.swift */ = {isa = PBXFileReference; lastKnownFileType = sourcecode.swift; path = ImageCell.swift; sourceTree = "<group>"; };
		B4C0CEF823A098AE006BAAB0 /* ManuallySelfSizingCell.swift */ = {isa = PBXFileReference; lastKnownFileType = sourcecode.swift; path = ManuallySelfSizingCell.swift; sourceTree = "<group>"; };
		B4C0CEFA23A09923006BAAB0 /* MonthTitleCell.swift */ = {isa = PBXFileReference; lastKnownFileType = sourcecode.swift; path = MonthTitleCell.swift; sourceTree = "<group>"; };
		B4C0CEFC23A099C2006BAAB0 /* NibCell.swift */ = {isa = PBXFileReference; lastKnownFileType = sourcecode.swift; path = NibCell.swift; sourceTree = "<group>"; };
		B4C0CEFD23A099C2006BAAB0 /* NibCell.xib */ = {isa = PBXFileReference; lastKnownFileType = file.xib; path = NibCell.xib; sourceTree = "<group>"; };
		B4C0CF0023A09A37006BAAB0 /* NibSelfSizingCell.swift */ = {isa = PBXFileReference; lastKnownFileType = sourcecode.swift; path = NibSelfSizingCell.swift; sourceTree = "<group>"; };
		B4C0CF0123A09A37006BAAB0 /* NibSelfSizingCell.xib */ = {isa = PBXFileReference; lastKnownFileType = file.xib; path = NibSelfSizingCell.xib; sourceTree = "<group>"; };
		B4C0CF0423A09ABF006BAAB0 /* RemoveCell.swift */ = {isa = PBXFileReference; lastKnownFileType = sourcecode.swift; path = RemoveCell.swift; sourceTree = "<group>"; };
		B4C0CF0623A09B87006BAAB0 /* SearchCell.swift */ = {isa = PBXFileReference; lastKnownFileType = sourcecode.swift; path = SearchCell.swift; sourceTree = "<group>"; };
		B4C0CF0823A09BD9006BAAB0 /* SpinnerCell.swift */ = {isa = PBXFileReference; lastKnownFileType = sourcecode.swift; path = SpinnerCell.swift; sourceTree = "<group>"; };
		B4C0CF0A23A09CF2006BAAB0 /* StoryboardCell.swift */ = {isa = PBXFileReference; lastKnownFileType = sourcecode.swift; path = StoryboardCell.swift; sourceTree = "<group>"; };
		C0AB4CF69C8140DE805DC0D3 /* Pods-MZFlexibleList.debug.xcconfig */ = {isa = PBXFileReference; includeInIndex = 1; lastKnownFileType = text.xcconfig; name = "Pods-MZFlexibleList.debug.xcconfig"; path = "Target Support Files/Pods-MZFlexibleList/Pods-MZFlexibleList.debug.xcconfig"; sourceTree = "<group>"; };
		CB4CF27F56F27DC8C59453BE /* Pods-MZFlexibleList.release.xcconfig */ = {isa = PBXFileReference; includeInIndex = 1; lastKnownFileType = text.xcconfig; name = "Pods-MZFlexibleList.release.xcconfig"; path = "Target Support Files/Pods-MZFlexibleList/Pods-MZFlexibleList.release.xcconfig"; sourceTree = "<group>"; };
/* End PBXFileReference section */

/* Begin PBXFrameworksBuildPhase section */
		B430D1A2239668AB00053B77 /* Frameworks */ = {
			isa = PBXFrameworksBuildPhase;
			buildActionMask = 2147483647;
			files = (
				68C35D4A79C9FE73601D562B /* Pods_MZFlexibleList.framework in Frameworks */,
			);
			runOnlyForDeploymentPostprocessing = 0;
		};
		B430D1B8239668BF00053B77 /* Frameworks */ = {
			isa = PBXFrameworksBuildPhase;
			buildActionMask = 2147483647;
			files = (
			);
			runOnlyForDeploymentPostprocessing = 0;
		};
		B430D1C3239668BF00053B77 /* Frameworks */ = {
			isa = PBXFrameworksBuildPhase;
			buildActionMask = 2147483647;
			files = (
			);
			runOnlyForDeploymentPostprocessing = 0;
		};
/* End PBXFrameworksBuildPhase section */

/* Begin PBXGroup section */
		B16367DF3D2393074227FFF2 /* Pods */ = {
			isa = PBXGroup;
			children = (
				C0AB4CF69C8140DE805DC0D3 /* Pods-MZFlexibleList.debug.xcconfig */,
				CB4CF27F56F27DC8C59453BE /* Pods-MZFlexibleList.release.xcconfig */,
			);
			path = Pods;
			sourceTree = "<group>";
		};
		B430D19C239668AB00053B77 = {
			isa = PBXGroup;
			children = (
				B430D1A7239668AB00053B77 /* MZFlexibleList */,
				B430D1BE239668BF00053B77 /* MZFlexibleListTests */,
				B430D1C9239668BF00053B77 /* MZFlexibleListUITests */,
				B430D1A6239668AB00053B77 /* Products */,
				B16367DF3D2393074227FFF2 /* Pods */,
				FB6B6D0495CEE2617019F665 /* Frameworks */,
			);
			sourceTree = "<group>";
		};
		B430D1A6239668AB00053B77 /* Products */ = {
			isa = PBXGroup;
			children = (
				B430D1A5239668AB00053B77 /* MZFlexibleList.app */,
				B430D1BB239668BF00053B77 /* MZFlexibleListTests.xctest */,
				B430D1C6239668BF00053B77 /* MZFlexibleListUITests.xctest */,
			);
			name = Products;
			sourceTree = "<group>";
		};
		B430D1A7239668AB00053B77 /* MZFlexibleList */ = {
			isa = PBXGroup;
			children = (
				B49EC378239A50BD00A2538A /* IGListKitExamples */,
				B43175B32398B36F0093D0AA /* 微信朋友圈 */,
				B430D1A8239668AB00053B77 /* AppDelegate.swift */,
				B430D1AA239668AB00053B77 /* SceneDelegate.swift */,
				B430D1AC239668AB00053B77 /* ViewController.swift */,
				B43175B72398E2A30093D0AA /* MZFlexibleList-Bridging-Header.h */,
				B430D1AE239668AB00053B77 /* Main.storyboard */,
				B430D1B1239668BE00053B77 /* Assets.xcassets */,
				B430D1B3239668BE00053B77 /* LaunchScreen.storyboard */,
				B430D1B6239668BE00053B77 /* Info.plist */,
			);
			path = MZFlexibleList;
			sourceTree = "<group>";
		};
		B430D1BE239668BF00053B77 /* MZFlexibleListTests */ = {
			isa = PBXGroup;
			children = (
				B430D1BF239668BF00053B77 /* MZFlexibleListTests.swift */,
				B430D1C1239668BF00053B77 /* Info.plist */,
			);
			path = MZFlexibleListTests;
			sourceTree = "<group>";
		};
		B430D1C9239668BF00053B77 /* MZFlexibleListUITests */ = {
			isa = PBXGroup;
			children = (
				B430D1CA239668BF00053B77 /* MZFlexibleListUITests.swift */,
				B430D1CC239668BF00053B77 /* Info.plist */,
			);
			path = MZFlexibleListUITests;
			sourceTree = "<group>";
		};
		B43175B32398B36F0093D0AA /* 微信朋友圈 */ = {
			isa = PBXGroup;
			children = (
				B49EC3672399EB6B00A2538A /* Resurce */,
				B43175B42398E0970093D0AA /* Model */,
				B43175B52398E0A70093D0AA /* View */,
				B43175B62398E0B90093D0AA /* ViewController */,
			);
			path = "微信朋友圈";
			sourceTree = "<group>";
		};
		B43175B42398E0970093D0AA /* Model */ = {
			isa = PBXGroup;
			children = (
				B43175C12399090D0093D0AA /* MZListModel.h */,
				B43175C22399090D0093D0AA /* MZListModel.m */,
			);
			path = Model;
			sourceTree = "<group>";
		};
		B43175B52398E0A70093D0AA /* View */ = {
			isa = PBXGroup;
			children = (
				B43175BB2398E3880093D0AA /* MZNavigationView.h */,
				B43175BC2398E3880093D0AA /* MZNavigationView.m */,
				B43175BE2398F01A0093D0AA /* MZRefreshHeader.h */,
				B43175BF2398F01A0093D0AA /* MZRefreshHeader.m */,
				B49EC36F2399F26300A2538A /* MZHeaderCollectionViewCell.h */,
				B49EC3702399F26300A2538A /* MZHeaderCollectionViewCell.m */,
				B49EC372239A2E4600A2538A /* MZContentCollectionViewCell.h */,
				B49EC373239A2E4600A2538A /* MZContentCollectionViewCell.m */,
			);
			path = View;
			sourceTree = "<group>";
		};
		B43175B62398E0B90093D0AA /* ViewController */ = {
			isa = PBXGroup;
			children = (
				B43175B82398E2A30093D0AA /* MZMomentsVC.h */,
				B43175B92398E2A30093D0AA /* MZMomentsVC.m */,
				B49EC36C2399EF8B00A2538A /* MZHeaderListSectionController.h */,
				B49EC36D2399EF8B00A2538A /* MZHeaderListSectionController.m */,
				B49EC375239A410600A2538A /* MZContentListSectionController.h */,
				B49EC376239A410600A2538A /* MZContentListSectionController.m */,
			);
			path = ViewController;
			sourceTree = "<group>";
		};
		B43B4F52239DEAE300392555 /* ViewControllers */ = {
			isa = PBXGroup;
			children = (
				B43B4F53239DEB9A00392555 /* DemosViewController.swift */,
				B43B4F57239E36CE00392555 /* LoadMoreViewController.swift */,
				B4B5FF9F239F2F5200D7659A /* AnnouncingDepsViewController.swift */,
				B4B5FFA1239F329C00D7659A /* CalendarViewController.swift */,
				B4B5FFA3239F34B500D7659A /* DiffTableViewController.swift */,
				B4B5FFA5239F404600D7659A /* DisplayViewController.swift */,
				B4B5FFA7239F411D00D7659A /* EmptyViewController.swift */,
				B4B5FFA9239F446800D7659A /* MixedDataViewController.swift */,
				B4B5FFAB239F4B5800D7659A /* NestedAdapterViewController.swift */,
				B4B5FFAD239F4D2500D7659A /* ObjcDemoViewController.h */,
				B4B5FFAE239F4D2500D7659A /* ObjcDemoViewController.m */,
				B4B5FFB0239F4E4300D7659A /* ObjcGeneratedModelDemoViewController.h */,
				B4B5FFB1239F4E4300D7659A /* ObjcGeneratedModelDemoViewController.m */,
				B4B5FFB3239F4F6D00D7659A /* ReorderableViewController.swift */,
				B4B5FFB5239F6A9300D7659A /* SearchViewController.swift */,
				B4B5FFB7239F6C6700D7659A /* SelfSizingCellsViewController.swift */,
				B4B5FFB9239F6D7600D7659A /* SingleSectionStoryboardViewController.swift */,
				B4B5FFBB239F6FD200D7659A /* SingleSectionViewController.swift */,
				B4B5FFBD239F71F300D7659A /* StoryboardViewController.swift */,
				B4B5FFBF239F74A000D7659A /* SupplementaryViewController.swift */,
				B4B5FFC1239F756800D7659A /* WorkingRangeViewController.swift */,
			);
			path = ViewControllers;
			sourceTree = "<group>";
		};
		B49EC3672399EB6B00A2538A /* Resurce */ = {
			isa = PBXGroup;
			children = (
				B49EC36A2399EC1600A2538A /* listData.json */,
			);
			path = Resurce;
			sourceTree = "<group>";
		};
		B49EC378239A50BD00A2538A /* IGListKitExamples */ = {
			isa = PBXGroup;
			children = (
				B4B5FFCE239F9C3200D7659A /* Systems */,
				B4B5FFCB239F9BA800D7659A /* Storyboard */,
				B43B4F52239DEAE300392555 /* ViewControllers */,
				B49EC389239A5C5600A2538A /* Views */,
				B49EC386239A580E00A2538A /* SectionControllers */,
				B49EC379239A519900A2538A /* Models */,
			);
			path = IGListKitExamples;
			sourceTree = "<group>";
		};
		B49EC379239A519900A2538A /* Models */ = {
			isa = PBXGroup;
			children = (
				B49EC37A239A51F100A2538A /* User.swift */,
				B49EC37C239A53E200A2538A /* SelectionModel.swift */,
				B49EC37E239A551500A2538A /* Month.swift */,
				B49EC380239A55B000A2538A /* FeedItem.swift */,
				B49EC382239A56DC00A2538A /* DayViewModel.swift */,
				B49EC384239A577300A2538A /* MonthTitleViewModel.swift */,
				B4B5FFC3239F98C400D7659A /* PersonModel.h */,
				B4B5FFC4239F98C400D7659A /* PersonModel.m */,
				B4B5FFC6239F9A7400D7659A /* PersonModel.value */,
				B4B5FFC8239F9ADF00D7659A /* Post.h */,
				B4B5FFC9239F9ADF00D7659A /* Post.m */,
			);
			path = Models;
			sourceTree = "<group>";
		};
		B49EC386239A580E00A2538A /* SectionControllers */ = {
			isa = PBXGroup;
			children = (
				B49EC387239A584D00A2538A /* DemoSectionController.swift */,
				B43B4F59239E3BF800392555 /* LabelSectionController.swift */,
				B43B4F5B239E3EB600392555 /* DisplaySectionController.swift */,
				B43B4F5D239E434900392555 /* EmbeddedSectionController.swift */,
				B43B4F5F239E447300392555 /* ExpandableSectionController.swift */,
				B43B4F61239E465000392555 /* FeedItemSectionController.swift */,
				B43B4F63239E4D5200392555 /* GridSectionController.swift */,
				B4B5FFD1239F9DC600D7659A /* HorizontalSectionController.swift */,
				B4B5FFD3239F9F7400D7659A /* ListeningSectionController.swift */,
				B4B5FFD5239FA13E00D7659A /* MonthSectionController.swift */,
				B4B5FFD7239FA2B900D7659A /* PersonSectionController.h */,
				B4B5FFD8239FA2B900D7659A /* PersonSectionController.m */,
				B4B5FFDA239FA37E00D7659A /* PostSectionController.h */,
				B4B5FFDB239FA37E00D7659A /* PostSectionController.m */,
				B4B5FFDD239FA40500D7659A /* RemoveSectionController.swift */,
				B4C0CED523A086C0006BAAB0 /* ReorderableSectionController.swift */,
				B4C0CED723A08706006BAAB0 /* SearchSectionController.swift */,
				B4C0CED923A08902006BAAB0 /* SelfSizingSectionController.swift */,
				B4C0CEDB23A08A78006BAAB0 /* StoryboardLabelSectionController.swift */,
				B4C0CEDD23A08B06006BAAB0 /* UserSectionController.swift */,
				B4C0CEDF23A08B72006BAAB0 /* WorkingRangeSectionController.swift */,
			);
			path = SectionControllers;
			sourceTree = "<group>";
		};
		B49EC389239A5C5600A2538A /* Views */ = {
			isa = PBXGroup;
			children = (
				B49EC38A239A5C7400A2538A /* LabelCell.swift */,
				B43B4F55239DF17500392555 /* CalendarDayCell.swift */,
				B43B4F65239E51A800392555 /* CenterLabelCell.swift */,
				B43B4F67239E54C200392555 /* UserFooterView.swift */,
				B43B4F68239E54C200392555 /* UserFooterView.xib */,
				B43B4F6D239E564800392555 /* UserHeaderView.swift */,
				B43B4F6E239E564800392555 /* UserHeaderView.xib */,
				B4C0CEE123A08E26006BAAB0 /* CommentCell.h */,
				B4C0CEE223A08E26006BAAB0 /* CommentCell.m */,
				B4C0CEE423A08F01006BAAB0 /* InteractiveCell.h */,
				B4C0CEE523A08F01006BAAB0 /* InteractiveCell.m */,
				B4C0CEE723A09048006BAAB0 /* PersonCell.h */,
				B4C0CEE823A09048006BAAB0 /* PersonCell.m */,
				B4C0CEEA23A09472006BAAB0 /* PhotoCell.h */,
				B4C0CEEB23A09472006BAAB0 /* PhotoCell.m */,
				B4C0CEED23A094DD006BAAB0 /* UserInfoCell.h */,
				B4C0CEEE23A094DD006BAAB0 /* UserInfoCell.m */,
				B4C0CEF023A09560006BAAB0 /* DetailLabelCell.swift */,
				B4C0CEF223A09618006BAAB0 /* EmbeddedCollectionViewCell.swift */,
				B4C0CEF423A09688006BAAB0 /* FullWidthSelfSizingCell.swift */,
				B4C0CEF623A0975A006BAAB0 /* ImageCell.swift */,
				B4C0CEF823A098AE006BAAB0 /* ManuallySelfSizingCell.swift */,
				B4C0CEFA23A09923006BAAB0 /* MonthTitleCell.swift */,
				B4C0CEFC23A099C2006BAAB0 /* NibCell.swift */,
				B4C0CEFD23A099C2006BAAB0 /* NibCell.xib */,
				B4C0CF0023A09A37006BAAB0 /* NibSelfSizingCell.swift */,
				B4C0CF0123A09A37006BAAB0 /* NibSelfSizingCell.xib */,
				B4C0CF0423A09ABF006BAAB0 /* RemoveCell.swift */,
				B4C0CF0623A09B87006BAAB0 /* SearchCell.swift */,
				B4C0CF0823A09BD9006BAAB0 /* SpinnerCell.swift */,
				B4C0CF0A23A09CF2006BAAB0 /* StoryboardCell.swift */,
			);
			path = Views;
			sourceTree = "<group>";
		};
		B4B5FFCB239F9BA800D7659A /* Storyboard */ = {
			isa = PBXGroup;
			children = (
				B4B5FFCC239F9BC300D7659A /* Demo.storyboard */,
			);
			path = Storyboard;
			sourceTree = "<group>";
		};
		B4B5FFCE239F9C3200D7659A /* Systems */ = {
			isa = PBXGroup;
			children = (
				B4B5FFCF239F9C6700D7659A /* IncrementAnnouncer.swift */,
			);
			path = Systems;
			sourceTree = "<group>";
		};
		FB6B6D0495CEE2617019F665 /* Frameworks */ = {
			isa = PBXGroup;
			children = (
				AD086405041D928ABD4B4BBA /* Pods_MZFlexibleList.framework */,
			);
			name = Frameworks;
			sourceTree = "<group>";
		};
/* End PBXGroup section */

/* Begin PBXNativeTarget section */
		B430D1A4239668AB00053B77 /* MZFlexibleList */ = {
			isa = PBXNativeTarget;
			buildConfigurationList = B430D1CF239668BF00053B77 /* Build configuration list for PBXNativeTarget "MZFlexibleList" */;
			buildPhases = (
				B3E7247ED74018429AD9436E /* [CP] Check Pods Manifest.lock */,
				B430D1A1239668AB00053B77 /* Sources */,
				B430D1A2239668AB00053B77 /* Frameworks */,
				B430D1A3239668AB00053B77 /* Resources */,
				949ABA0B56BA3C245EB12AC5 /* [CP] Embed Pods Frameworks */,
			);
			buildRules = (
			);
			dependencies = (
			);
			name = MZFlexibleList;
			productName = MZFlexibleList;
			productReference = B430D1A5239668AB00053B77 /* MZFlexibleList.app */;
			productType = "com.apple.product-type.application";
		};
		B430D1BA239668BF00053B77 /* MZFlexibleListTests */ = {
			isa = PBXNativeTarget;
			buildConfigurationList = B430D1D2239668BF00053B77 /* Build configuration list for PBXNativeTarget "MZFlexibleListTests" */;
			buildPhases = (
				B430D1B7239668BF00053B77 /* Sources */,
				B430D1B8239668BF00053B77 /* Frameworks */,
				B430D1B9239668BF00053B77 /* Resources */,
			);
			buildRules = (
			);
			dependencies = (
				B430D1BD239668BF00053B77 /* PBXTargetDependency */,
			);
			name = MZFlexibleListTests;
			productName = MZFlexibleListTests;
			productReference = B430D1BB239668BF00053B77 /* MZFlexibleListTests.xctest */;
			productType = "com.apple.product-type.bundle.unit-test";
		};
		B430D1C5239668BF00053B77 /* MZFlexibleListUITests */ = {
			isa = PBXNativeTarget;
			buildConfigurationList = B430D1D5239668BF00053B77 /* Build configuration list for PBXNativeTarget "MZFlexibleListUITests" */;
			buildPhases = (
				B430D1C2239668BF00053B77 /* Sources */,
				B430D1C3239668BF00053B77 /* Frameworks */,
				B430D1C4239668BF00053B77 /* Resources */,
			);
			buildRules = (
			);
			dependencies = (
				B430D1C8239668BF00053B77 /* PBXTargetDependency */,
			);
			name = MZFlexibleListUITests;
			productName = MZFlexibleListUITests;
			productReference = B430D1C6239668BF00053B77 /* MZFlexibleListUITests.xctest */;
			productType = "com.apple.product-type.bundle.ui-testing";
		};
/* End PBXNativeTarget section */

/* Begin PBXProject section */
		B430D19D239668AB00053B77 /* Project object */ = {
			isa = PBXProject;
			attributes = {
				LastSwiftUpdateCheck = 1120;
				LastUpgradeCheck = 1120;
				ORGANIZATIONNAME = Mr.Z;
				TargetAttributes = {
					B430D1A4239668AB00053B77 = {
						CreatedOnToolsVersion = 11.2.1;
						LastSwiftMigration = 1120;
					};
					B430D1BA239668BF00053B77 = {
						CreatedOnToolsVersion = 11.2.1;
						TestTargetID = B430D1A4239668AB00053B77;
					};
					B430D1C5239668BF00053B77 = {
						CreatedOnToolsVersion = 11.2.1;
						TestTargetID = B430D1A4239668AB00053B77;
					};
				};
			};
			buildConfigurationList = B430D1A0239668AB00053B77 /* Build configuration list for PBXProject "MZFlexibleList" */;
			compatibilityVersion = "Xcode 9.3";
			developmentRegion = en;
			hasScannedForEncodings = 0;
			knownRegions = (
				en,
				Base,
			);
			mainGroup = B430D19C239668AB00053B77;
			productRefGroup = B430D1A6239668AB00053B77 /* Products */;
			projectDirPath = "";
			projectRoot = "";
			targets = (
				B430D1A4239668AB00053B77 /* MZFlexibleList */,
				B430D1BA239668BF00053B77 /* MZFlexibleListTests */,
				B430D1C5239668BF00053B77 /* MZFlexibleListUITests */,
			);
		};
/* End PBXProject section */

/* Begin PBXResourcesBuildPhase section */
		B430D1A3239668AB00053B77 /* Resources */ = {
			isa = PBXResourcesBuildPhase;
			buildActionMask = 2147483647;
			files = (
				B43B4F70239E564800392555 /* UserHeaderView.xib in Resources */,
				B430D1B5239668BE00053B77 /* LaunchScreen.storyboard in Resources */,
				B430D1B2239668BE00053B77 /* Assets.xcassets in Resources */,
				B4C0CF0323A09A37006BAAB0 /* NibSelfSizingCell.xib in Resources */,
				B4B5FFCD239F9BC300D7659A /* Demo.storyboard in Resources */,
				B4C0CEFF23A099C2006BAAB0 /* NibCell.xib in Resources */,
				B43B4F6A239E54C200392555 /* UserFooterView.xib in Resources */,
				B4B5FFC7239F9A7400D7659A /* PersonModel.value in Resources */,
				B430D1B0239668AB00053B77 /* Main.storyboard in Resources */,
				B49EC36B2399EC1600A2538A /* listData.json in Resources */,
			);
			runOnlyForDeploymentPostprocessing = 0;
		};
		B430D1B9239668BF00053B77 /* Resources */ = {
			isa = PBXResourcesBuildPhase;
			buildActionMask = 2147483647;
			files = (
			);
			runOnlyForDeploymentPostprocessing = 0;
		};
		B430D1C4239668BF00053B77 /* Resources */ = {
			isa = PBXResourcesBuildPhase;
			buildActionMask = 2147483647;
			files = (
			);
			runOnlyForDeploymentPostprocessing = 0;
		};
/* End PBXResourcesBuildPhase section */

/* Begin PBXShellScriptBuildPhase section */
		949ABA0B56BA3C245EB12AC5 /* [CP] Embed Pods Frameworks */ = {
			isa = PBXShellScriptBuildPhase;
			buildActionMask = 2147483647;
			files = (
			);
			inputFileListPaths = (
				"${PODS_ROOT}/Target Support Files/Pods-MZFlexibleList/Pods-MZFlexibleList-frameworks-${CONFIGURATION}-input-files.xcfilelist",
			);
			name = "[CP] Embed Pods Frameworks";
			outputFileListPaths = (
				"${PODS_ROOT}/Target Support Files/Pods-MZFlexibleList/Pods-MZFlexibleList-frameworks-${CONFIGURATION}-output-files.xcfilelist",
			);
			runOnlyForDeploymentPostprocessing = 0;
			shellPath = /bin/sh;
			shellScript = "\"${PODS_ROOT}/Target Support Files/Pods-MZFlexibleList/Pods-MZFlexibleList-frameworks.sh\"\n";
			showEnvVarsInLog = 0;
		};
		B3E7247ED74018429AD9436E /* [CP] Check Pods Manifest.lock */ = {
			isa = PBXShellScriptBuildPhase;
			buildActionMask = 2147483647;
			files = (
			);
			inputFileListPaths = (
			);
			inputPaths = (
				"${PODS_PODFILE_DIR_PATH}/Podfile.lock",
				"${PODS_ROOT}/Manifest.lock",
			);
			name = "[CP] Check Pods Manifest.lock";
			outputFileListPaths = (
			);
			outputPaths = (
				"$(DERIVED_FILE_DIR)/Pods-MZFlexibleList-checkManifestLockResult.txt",
			);
			runOnlyForDeploymentPostprocessing = 0;
			shellPath = /bin/sh;
			shellScript = "diff \"${PODS_PODFILE_DIR_PATH}/Podfile.lock\" \"${PODS_ROOT}/Manifest.lock\" > /dev/null\nif [ $? != 0 ] ; then\n    # print error to STDERR\n    echo \"error: The sandbox is not in sync with the Podfile.lock. Run 'pod install' or update your CocoaPods installation.\" >&2\n    exit 1\nfi\n# This output is used by Xcode 'outputs' to avoid re-running this script phase.\necho \"SUCCESS\" > \"${SCRIPT_OUTPUT_FILE_0}\"\n";
			showEnvVarsInLog = 0;
		};
/* End PBXShellScriptBuildPhase section */

/* Begin PBXSourcesBuildPhase section */
		B430D1A1239668AB00053B77 /* Sources */ = {
			isa = PBXSourcesBuildPhase;
			buildActionMask = 2147483647;
			files = (
				B430D1AD239668AB00053B77 /* ViewController.swift in Sources */,
				B4C0CED623A086C0006BAAB0 /* ReorderableSectionController.swift in Sources */,
				B4B5FFBE239F71F300D7659A /* StoryboardViewController.swift in Sources */,
				B49EC377239A410600A2538A /* MZContentListSectionController.m in Sources */,
				B4B5FFAF239F4D2500D7659A /* ObjcDemoViewController.m in Sources */,
				B4C0CEDA23A08902006BAAB0 /* SelfSizingSectionController.swift in Sources */,
				B4C0CEFE23A099C2006BAAB0 /* NibCell.swift in Sources */,
				B4B5FFB8239F6C6700D7659A /* SelfSizingCellsViewController.swift in Sources */,
				B49EC37F239A551500A2538A /* Month.swift in Sources */,
				B4B5FFA2239F329C00D7659A /* CalendarViewController.swift in Sources */,
				B4C0CED823A08706006BAAB0 /* SearchSectionController.swift in Sources */,
				B43B4F6F239E564800392555 /* UserHeaderView.swift in Sources */,
				B49EC38B239A5C7400A2538A /* LabelCell.swift in Sources */,
				B4C0CF0723A09B87006BAAB0 /* SearchCell.swift in Sources */,
				B4B5FFDC239FA37E00D7659A /* PostSectionController.m in Sources */,
				B4B5FFA8239F411D00D7659A /* EmptyViewController.swift in Sources */,
				B4B5FFB4239F4F6D00D7659A /* ReorderableViewController.swift in Sources */,
				B43B4F62239E465000392555 /* FeedItemSectionController.swift in Sources */,
				B4C0CEF923A098AE006BAAB0 /* ManuallySelfSizingCell.swift in Sources */,
				B49EC37D239A53E200A2538A /* SelectionModel.swift in Sources */,
				B43B4F60239E447300392555 /* ExpandableSectionController.swift in Sources */,
				B49EC3712399F26300A2538A /* MZHeaderCollectionViewCell.m in Sources */,
				B4B5FFCA239F9ADF00D7659A /* Post.m in Sources */,
				B430D1A9239668AB00053B77 /* AppDelegate.swift in Sources */,
				B4C0CF0B23A09CF2006BAAB0 /* StoryboardCell.swift in Sources */,
				B4B5FFD2239F9DC600D7659A /* HorizontalSectionController.swift in Sources */,
				B4C0CEE623A08F01006BAAB0 /* InteractiveCell.m in Sources */,
				B4B5FFBC239F6FD200D7659A /* SingleSectionViewController.swift in Sources */,
				B43B4F64239E4D5200392555 /* GridSectionController.swift in Sources */,
				B4B5FFA4239F34B500D7659A /* DiffTableViewController.swift in Sources */,
				B43B4F69239E54C200392555 /* UserFooterView.swift in Sources */,
				B4C0CEDE23A08B06006BAAB0 /* UserSectionController.swift in Sources */,
				B4C0CEFB23A09923006BAAB0 /* MonthTitleCell.swift in Sources */,
				B4C0CEEF23A094DD006BAAB0 /* UserInfoCell.m in Sources */,
				B4C0CEF723A0975A006BAAB0 /* ImageCell.swift in Sources */,
				B4C0CEF523A09688006BAAB0 /* FullWidthSelfSizingCell.swift in Sources */,
				B43B4F54239DEB9A00392555 /* DemosViewController.swift in Sources */,
				B4B5FFA6239F404600D7659A /* DisplayViewController.swift in Sources */,
				B43175C32399090D0093D0AA /* MZListModel.m in Sources */,
				B43B4F66239E51A800392555 /* CenterLabelCell.swift in Sources */,
				B4B5FFD6239FA13E00D7659A /* MonthSectionController.swift in Sources */,
				B43B4F5E239E434900392555 /* EmbeddedSectionController.swift in Sources */,
				B49EC383239A56DC00A2538A /* DayViewModel.swift in Sources */,
				B43175BD2398E3880093D0AA /* MZNavigationView.m in Sources */,
				B4B5FFAA239F446800D7659A /* MixedDataViewController.swift in Sources */,
				B4C0CEEC23A09472006BAAB0 /* PhotoCell.m in Sources */,
				B49EC381239A55B000A2538A /* FeedItem.swift in Sources */,
				B4B5FFD4239F9F7400D7659A /* ListeningSectionController.swift in Sources */,
				B49EC374239A2E4600A2538A /* MZContentCollectionViewCell.m in Sources */,
				B4B5FFD0239F9C6700D7659A /* IncrementAnnouncer.swift in Sources */,
				B4B5FFC0239F74A000D7659A /* SupplementaryViewController.swift in Sources */,
				B4B5FFAC239F4B5800D7659A /* NestedAdapterViewController.swift in Sources */,
				B4B5FFC2239F756800D7659A /* WorkingRangeViewController.swift in Sources */,
				B4C0CEDC23A08A78006BAAB0 /* StoryboardLabelSectionController.swift in Sources */,
				B4B5FFDE239FA40500D7659A /* RemoveSectionController.swift in Sources */,
				B4C0CF0923A09BD9006BAAB0 /* SpinnerCell.swift in Sources */,
				B4B5FFBA239F6D7600D7659A /* SingleSectionStoryboardViewController.swift in Sources */,
				B4C0CEE023A08B72006BAAB0 /* WorkingRangeSectionController.swift in Sources */,
				B4C0CEE923A09048006BAAB0 /* PersonCell.m in Sources */,
				B430D1AB239668AB00053B77 /* SceneDelegate.swift in Sources */,
				B43B4F56239DF17500392555 /* CalendarDayCell.swift in Sources */,
				B49EC37B239A51F100A2538A /* User.swift in Sources */,
				B4B5FFD9239FA2B900D7659A /* PersonSectionController.m in Sources */,
				B43B4F5C239E3EB600392555 /* DisplaySectionController.swift in Sources */,
				B4C0CF0523A09ABF006BAAB0 /* RemoveCell.swift in Sources */,
				B4B5FFA0239F2F5200D7659A /* AnnouncingDepsViewController.swift in Sources */,
				B43175BA2398E2A30093D0AA /* MZMomentsVC.m in Sources */,
				B49EC388239A584D00A2538A /* DemoSectionController.swift in Sources */,
				B49EC385239A577300A2538A /* MonthTitleViewModel.swift in Sources */,
				B4C0CF0223A09A37006BAAB0 /* NibSelfSizingCell.swift in Sources */,
				B4B5FFB6239F6A9300D7659A /* SearchViewController.swift in Sources */,
				B4B5FFB2239F4E4300D7659A /* ObjcGeneratedModelDemoViewController.m in Sources */,
				B43B4F58239E36CE00392555 /* LoadMoreViewController.swift in Sources */,
				B4C0CEF123A09560006BAAB0 /* DetailLabelCell.swift in Sources */,
				B4C0CEE323A08E26006BAAB0 /* CommentCell.m in Sources */,
				B43175C02398F01A0093D0AA /* MZRefreshHeader.m in Sources */,
				B4C0CEF323A09618006BAAB0 /* EmbeddedCollectionViewCell.swift in Sources */,
				B43B4F5A239E3BF800392555 /* LabelSectionController.swift in Sources */,
				B49EC36E2399EF8B00A2538A /* MZHeaderListSectionController.m in Sources */,
				B4B5FFC5239F98C400D7659A /* PersonModel.m in Sources */,
			);
			runOnlyForDeploymentPostprocessing = 0;
		};
		B430D1B7239668BF00053B77 /* Sources */ = {
			isa = PBXSourcesBuildPhase;
			buildActionMask = 2147483647;
			files = (
				B430D1C0239668BF00053B77 /* MZFlexibleListTests.swift in Sources */,
			);
			runOnlyForDeploymentPostprocessing = 0;
		};
		B430D1C2239668BF00053B77 /* Sources */ = {
			isa = PBXSourcesBuildPhase;
			buildActionMask = 2147483647;
			files = (
				B430D1CB239668BF00053B77 /* MZFlexibleListUITests.swift in Sources */,
			);
			runOnlyForDeploymentPostprocessing = 0;
		};
/* End PBXSourcesBuildPhase section */

/* Begin PBXTargetDependency section */
		B430D1BD239668BF00053B77 /* PBXTargetDependency */ = {
			isa = PBXTargetDependency;
			target = B430D1A4239668AB00053B77 /* MZFlexibleList */;
			targetProxy = B430D1BC239668BF00053B77 /* PBXContainerItemProxy */;
		};
		B430D1C8239668BF00053B77 /* PBXTargetDependency */ = {
			isa = PBXTargetDependency;
			target = B430D1A4239668AB00053B77 /* MZFlexibleList */;
			targetProxy = B430D1C7239668BF00053B77 /* PBXContainerItemProxy */;
		};
/* End PBXTargetDependency section */

/* Begin PBXVariantGroup section */
		B430D1AE239668AB00053B77 /* Main.storyboard */ = {
			isa = PBXVariantGroup;
			children = (
				B430D1AF239668AB00053B77 /* Base */,
			);
			name = Main.storyboard;
			sourceTree = "<group>";
		};
		B430D1B3239668BE00053B77 /* LaunchScreen.storyboard */ = {
			isa = PBXVariantGroup;
			children = (
				B430D1B4239668BE00053B77 /* Base */,
			);
			name = LaunchScreen.storyboard;
			sourceTree = "<group>";
		};
/* End PBXVariantGroup section */

/* Begin XCBuildConfiguration section */
		B430D1CD239668BF00053B77 /* Debug */ = {
			isa = XCBuildConfiguration;
			buildSettings = {
				ALWAYS_SEARCH_USER_PATHS = NO;
				CLANG_ANALYZER_NONNULL = YES;
				CLANG_ANALYZER_NUMBER_OBJECT_CONVERSION = YES_AGGRESSIVE;
				CLANG_CXX_LANGUAGE_STANDARD = "gnu++14";
				CLANG_CXX_LIBRARY = "libc++";
				CLANG_ENABLE_MODULES = YES;
				CLANG_ENABLE_OBJC_ARC = YES;
				CLANG_ENABLE_OBJC_WEAK = YES;
				CLANG_WARN_BLOCK_CAPTURE_AUTORELEASING = YES;
				CLANG_WARN_BOOL_CONVERSION = YES;
				CLANG_WARN_COMMA = YES;
				CLANG_WARN_CONSTANT_CONVERSION = YES;
				CLANG_WARN_DEPRECATED_OBJC_IMPLEMENTATIONS = YES;
				CLANG_WARN_DIRECT_OBJC_ISA_USAGE = YES_ERROR;
				CLANG_WARN_DOCUMENTATION_COMMENTS = YES;
				CLANG_WARN_EMPTY_BODY = YES;
				CLANG_WARN_ENUM_CONVERSION = YES;
				CLANG_WARN_INFINITE_RECURSION = YES;
				CLANG_WARN_INT_CONVERSION = YES;
				CLANG_WARN_NON_LITERAL_NULL_CONVERSION = YES;
				CLANG_WARN_OBJC_IMPLICIT_RETAIN_SELF = YES;
				CLANG_WARN_OBJC_LITERAL_CONVERSION = YES;
				CLANG_WARN_OBJC_ROOT_CLASS = YES_ERROR;
				CLANG_WARN_RANGE_LOOP_ANALYSIS = YES;
				CLANG_WARN_STRICT_PROTOTYPES = YES;
				CLANG_WARN_SUSPICIOUS_MOVE = YES;
				CLANG_WARN_UNGUARDED_AVAILABILITY = YES_AGGRESSIVE;
				CLANG_WARN_UNREACHABLE_CODE = YES;
				CLANG_WARN__DUPLICATE_METHOD_MATCH = YES;
				COPY_PHASE_STRIP = NO;
				DEBUG_INFORMATION_FORMAT = dwarf;
				ENABLE_STRICT_OBJC_MSGSEND = YES;
				ENABLE_TESTABILITY = YES;
				GCC_C_LANGUAGE_STANDARD = gnu11;
				GCC_DYNAMIC_NO_PIC = NO;
				GCC_NO_COMMON_BLOCKS = YES;
				GCC_OPTIMIZATION_LEVEL = 0;
				GCC_PREPROCESSOR_DEFINITIONS = (
					"DEBUG=1",
					"$(inherited)",
				);
				GCC_WARN_64_TO_32_BIT_CONVERSION = YES;
				GCC_WARN_ABOUT_RETURN_TYPE = YES_ERROR;
				GCC_WARN_UNDECLARED_SELECTOR = YES;
				GCC_WARN_UNINITIALIZED_AUTOS = YES_AGGRESSIVE;
				GCC_WARN_UNUSED_FUNCTION = YES;
				GCC_WARN_UNUSED_VARIABLE = YES;
				IPHONEOS_DEPLOYMENT_TARGET = 13.2;
				MTL_ENABLE_DEBUG_INFO = INCLUDE_SOURCE;
				MTL_FAST_MATH = YES;
				ONLY_ACTIVE_ARCH = YES;
				SDKROOT = iphoneos;
				SWIFT_ACTIVE_COMPILATION_CONDITIONS = DEBUG;
				SWIFT_OPTIMIZATION_LEVEL = "-Onone";
			};
			name = Debug;
		};
		B430D1CE239668BF00053B77 /* Release */ = {
			isa = XCBuildConfiguration;
			buildSettings = {
				ALWAYS_SEARCH_USER_PATHS = NO;
				CLANG_ANALYZER_NONNULL = YES;
				CLANG_ANALYZER_NUMBER_OBJECT_CONVERSION = YES_AGGRESSIVE;
				CLANG_CXX_LANGUAGE_STANDARD = "gnu++14";
				CLANG_CXX_LIBRARY = "libc++";
				CLANG_ENABLE_MODULES = YES;
				CLANG_ENABLE_OBJC_ARC = YES;
				CLANG_ENABLE_OBJC_WEAK = YES;
				CLANG_WARN_BLOCK_CAPTURE_AUTORELEASING = YES;
				CLANG_WARN_BOOL_CONVERSION = YES;
				CLANG_WARN_COMMA = YES;
				CLANG_WARN_CONSTANT_CONVERSION = YES;
				CLANG_WARN_DEPRECATED_OBJC_IMPLEMENTATIONS = YES;
				CLANG_WARN_DIRECT_OBJC_ISA_USAGE = YES_ERROR;
				CLANG_WARN_DOCUMENTATION_COMMENTS = YES;
				CLANG_WARN_EMPTY_BODY = YES;
				CLANG_WARN_ENUM_CONVERSION = YES;
				CLANG_WARN_INFINITE_RECURSION = YES;
				CLANG_WARN_INT_CONVERSION = YES;
				CLANG_WARN_NON_LITERAL_NULL_CONVERSION = YES;
				CLANG_WARN_OBJC_IMPLICIT_RETAIN_SELF = YES;
				CLANG_WARN_OBJC_LITERAL_CONVERSION = YES;
				CLANG_WARN_OBJC_ROOT_CLASS = YES_ERROR;
				CLANG_WARN_RANGE_LOOP_ANALYSIS = YES;
				CLANG_WARN_STRICT_PROTOTYPES = YES;
				CLANG_WARN_SUSPICIOUS_MOVE = YES;
				CLANG_WARN_UNGUARDED_AVAILABILITY = YES_AGGRESSIVE;
				CLANG_WARN_UNREACHABLE_CODE = YES;
				CLANG_WARN__DUPLICATE_METHOD_MATCH = YES;
				COPY_PHASE_STRIP = NO;
				DEBUG_INFORMATION_FORMAT = "dwarf-with-dsym";
				ENABLE_NS_ASSERTIONS = NO;
				ENABLE_STRICT_OBJC_MSGSEND = YES;
				GCC_C_LANGUAGE_STANDARD = gnu11;
				GCC_NO_COMMON_BLOCKS = YES;
				GCC_WARN_64_TO_32_BIT_CONVERSION = YES;
				GCC_WARN_ABOUT_RETURN_TYPE = YES_ERROR;
				GCC_WARN_UNDECLARED_SELECTOR = YES;
				GCC_WARN_UNINITIALIZED_AUTOS = YES_AGGRESSIVE;
				GCC_WARN_UNUSED_FUNCTION = YES;
				GCC_WARN_UNUSED_VARIABLE = YES;
				IPHONEOS_DEPLOYMENT_TARGET = 13.2;
				MTL_ENABLE_DEBUG_INFO = NO;
				MTL_FAST_MATH = YES;
				SDKROOT = iphoneos;
				SWIFT_COMPILATION_MODE = wholemodule;
				SWIFT_OPTIMIZATION_LEVEL = "-O";
				VALIDATE_PRODUCT = YES;
			};
			name = Release;
		};
		B430D1D0239668BF00053B77 /* Debug */ = {
			isa = XCBuildConfiguration;
			baseConfigurationReference = C0AB4CF69C8140DE805DC0D3 /* Pods-MZFlexibleList.debug.xcconfig */;
			buildSettings = {
				ASSETCATALOG_COMPILER_APPICON_NAME = AppIcon;
				CLANG_ENABLE_MODULES = YES;
				CODE_SIGN_STYLE = Automatic;
				INFOPLIST_FILE = MZFlexibleList/Info.plist;
				IPHONEOS_DEPLOYMENT_TARGET = 13.2;
				LD_RUNPATH_SEARCH_PATHS = (
					"$(inherited)",
					"@executable_path/Frameworks",
				);
				PRODUCT_BUNDLE_IDENTIFIER = com.mz.flexibleList.MZFlexibleList;
				PRODUCT_NAME = "$(TARGET_NAME)";
				SWIFT_OBJC_BRIDGING_HEADER = "MZFlexibleList/MZFlexibleList-Bridging-Header.h";
				SWIFT_OPTIMIZATION_LEVEL = "-Onone";
				SWIFT_VERSION = 5.0;
				TARGETED_DEVICE_FAMILY = "1,2";
			};
			name = Debug;
		};
		B430D1D1239668BF00053B77 /* Release */ = {
			isa = XCBuildConfiguration;
			baseConfigurationReference = CB4CF27F56F27DC8C59453BE /* Pods-MZFlexibleList.release.xcconfig */;
			buildSettings = {
				ASSETCATALOG_COMPILER_APPICON_NAME = AppIcon;
				CLANG_ENABLE_MODULES = YES;
				CODE_SIGN_STYLE = Automatic;
				INFOPLIST_FILE = MZFlexibleList/Info.plist;
				IPHONEOS_DEPLOYMENT_TARGET = 13.2;
				LD_RUNPATH_SEARCH_PATHS = (
					"$(inherited)",
					"@executable_path/Frameworks",
				);
				PRODUCT_BUNDLE_IDENTIFIER = com.mz.flexibleList.MZFlexibleList;
				PRODUCT_NAME = "$(TARGET_NAME)";
				SWIFT_OBJC_BRIDGING_HEADER = "MZFlexibleList/MZFlexibleList-Bridging-Header.h";
				SWIFT_VERSION = 5.0;
				TARGETED_DEVICE_FAMILY = "1,2";
			};
			name = Release;
		};
		B430D1D3239668BF00053B77 /* Debug */ = {
			isa = XCBuildConfiguration;
			buildSettings = {
				ALWAYS_EMBED_SWIFT_STANDARD_LIBRARIES = YES;
				BUNDLE_LOADER = "$(TEST_HOST)";
				CODE_SIGN_STYLE = Automatic;
				INFOPLIST_FILE = MZFlexibleListTests/Info.plist;
				IPHONEOS_DEPLOYMENT_TARGET = 13.2;
				LD_RUNPATH_SEARCH_PATHS = (
					"$(inherited)",
					"@executable_path/Frameworks",
					"@loader_path/Frameworks",
				);
				PRODUCT_BUNDLE_IDENTIFIER = com.mz.flexibleList.MZFlexibleListTests;
				PRODUCT_NAME = "$(TARGET_NAME)";
				SWIFT_VERSION = 5.0;
				TARGETED_DEVICE_FAMILY = "1,2";
				TEST_HOST = "$(BUILT_PRODUCTS_DIR)/MZFlexibleList.app/MZFlexibleList";
			};
			name = Debug;
		};
		B430D1D4239668BF00053B77 /* Release */ = {
			isa = XCBuildConfiguration;
			buildSettings = {
				ALWAYS_EMBED_SWIFT_STANDARD_LIBRARIES = YES;
				BUNDLE_LOADER = "$(TEST_HOST)";
				CODE_SIGN_STYLE = Automatic;
				INFOPLIST_FILE = MZFlexibleListTests/Info.plist;
				IPHONEOS_DEPLOYMENT_TARGET = 13.2;
				LD_RUNPATH_SEARCH_PATHS = (
					"$(inherited)",
					"@executable_path/Frameworks",
					"@loader_path/Frameworks",
				);
				PRODUCT_BUNDLE_IDENTIFIER = com.mz.flexibleList.MZFlexibleListTests;
				PRODUCT_NAME = "$(TARGET_NAME)";
				SWIFT_VERSION = 5.0;
				TARGETED_DEVICE_FAMILY = "1,2";
				TEST_HOST = "$(BUILT_PRODUCTS_DIR)/MZFlexibleList.app/MZFlexibleList";
			};
			name = Release;
		};
		B430D1D6239668BF00053B77 /* Debug */ = {
			isa = XCBuildConfiguration;
			buildSettings = {
				ALWAYS_EMBED_SWIFT_STANDARD_LIBRARIES = YES;
				CODE_SIGN_STYLE = Automatic;
				INFOPLIST_FILE = MZFlexibleListUITests/Info.plist;
				LD_RUNPATH_SEARCH_PATHS = (
					"$(inherited)",
					"@executable_path/Frameworks",
					"@loader_path/Frameworks",
				);
				PRODUCT_BUNDLE_IDENTIFIER = com.mz.flexibleList.MZFlexibleListUITests;
				PRODUCT_NAME = "$(TARGET_NAME)";
				SWIFT_VERSION = 5.0;
				TARGETED_DEVICE_FAMILY = "1,2";
				TEST_TARGET_NAME = MZFlexibleList;
			};
			name = Debug;
		};
		B430D1D7239668BF00053B77 /* Release */ = {
			isa = XCBuildConfiguration;
			buildSettings = {
				ALWAYS_EMBED_SWIFT_STANDARD_LIBRARIES = YES;
				CODE_SIGN_STYLE = Automatic;
				INFOPLIST_FILE = MZFlexibleListUITests/Info.plist;
				LD_RUNPATH_SEARCH_PATHS = (
					"$(inherited)",
					"@executable_path/Frameworks",
					"@loader_path/Frameworks",
				);
				PRODUCT_BUNDLE_IDENTIFIER = com.mz.flexibleList.MZFlexibleListUITests;
				PRODUCT_NAME = "$(TARGET_NAME)";
				SWIFT_VERSION = 5.0;
				TARGETED_DEVICE_FAMILY = "1,2";
				TEST_TARGET_NAME = MZFlexibleList;
			};
			name = Release;
		};
/* End XCBuildConfiguration section */

/* Begin XCConfigurationList section */
		B430D1A0239668AB00053B77 /* Build configuration list for PBXProject "MZFlexibleList" */ = {
			isa = XCConfigurationList;
			buildConfigurations = (
				B430D1CD239668BF00053B77 /* Debug */,
				B430D1CE239668BF00053B77 /* Release */,
			);
			defaultConfigurationIsVisible = 0;
			defaultConfigurationName = Release;
		};
		B430D1CF239668BF00053B77 /* Build configuration list for PBXNativeTarget "MZFlexibleList" */ = {
			isa = XCConfigurationList;
			buildConfigurations = (
				B430D1D0239668BF00053B77 /* Debug */,
				B430D1D1239668BF00053B77 /* Release */,
			);
			defaultConfigurationIsVisible = 0;
			defaultConfigurationName = Release;
		};
		B430D1D2239668BF00053B77 /* Build configuration list for PBXNativeTarget "MZFlexibleListTests" */ = {
			isa = XCConfigurationList;
			buildConfigurations = (
				B430D1D3239668BF00053B77 /* Debug */,
				B430D1D4239668BF00053B77 /* Release */,
			);
			defaultConfigurationIsVisible = 0;
			defaultConfigurationName = Release;
		};
		B430D1D5239668BF00053B77 /* Build configuration list for PBXNativeTarget "MZFlexibleListUITests" */ = {
			isa = XCConfigurationList;
			buildConfigurations = (
				B430D1D6239668BF00053B77 /* Debug */,
				B430D1D7239668BF00053B77 /* Release */,
			);
			defaultConfigurationIsVisible = 0;
			defaultConfigurationName = Release;
		};
/* End XCConfigurationList section */
	};
	rootObject = B430D19D239668AB00053B77 /* Project object */;
}
